// !$*UTF8*$!
{
	archiveVersion = 1;
	classes = {
	};
	objectVersion = 50;
	objects = {

/* Begin PBXBuildFile section */
		88392DC2255C2ED200AC5E08 /* TextFieldCollectionViewCell.swift in Sources */ = {isa = PBXBuildFile; fileRef = 88392DC1255C2ED200AC5E08 /* TextFieldCollectionViewCell.swift */; };
		884549332554577700D7308C /* EmojiArtView+Gestures.swift in Sources */ = {isa = PBXBuildFile; fileRef = 884549322554577700D7308C /* EmojiArtView+Gestures.swift */; };
		888489E0254461330007C9B2 /* AppDelegate.swift in Sources */ = {isa = PBXBuildFile; fileRef = 888489DF254461330007C9B2 /* AppDelegate.swift */; };
		888489E2254461330007C9B2 /* SceneDelegate.swift in Sources */ = {isa = PBXBuildFile; fileRef = 888489E1254461330007C9B2 /* SceneDelegate.swift */; };
		888489E7254461330007C9B2 /* Main.storyboard in Resources */ = {isa = PBXBuildFile; fileRef = 888489E5254461330007C9B2 /* Main.storyboard */; };
		888489E9254461350007C9B2 /* Assets.xcassets in Resources */ = {isa = PBXBuildFile; fileRef = 888489E8254461350007C9B2 /* Assets.xcassets */; };
		888489EC254461350007C9B2 /* LaunchScreen.storyboard in Resources */ = {isa = PBXBuildFile; fileRef = 888489EA254461350007C9B2 /* LaunchScreen.storyboard */; };
		888489F8254463A70007C9B2 /* EmojiArtViewController.swift in Sources */ = {isa = PBXBuildFile; fileRef = 888489F7254463A70007C9B2 /* EmojiArtViewController.swift */; };
		88B35585254B2B1B00DA9197 /* EmojiCollectionViewCell.swift in Sources */ = {isa = PBXBuildFile; fileRef = 88B35584254B2B1B00DA9197 /* EmojiCollectionViewCell.swift */; };
		88BF12C8255EFAD7000C441B /* EmojiArt.swift in Sources */ = {isa = PBXBuildFile; fileRef = 88BF12C7255EFAD7000C441B /* EmojiArt.swift */; };
		88E719AE25458A7700C3DFA6 /* EmojiArtView.swift in Sources */ = {isa = PBXBuildFile; fileRef = 88E719AD25458A7700C3DFA6 /* EmojiArtView.swift */; };
		88E719B1254599CD00C3DFA6 /* ImageFetcher.swift in Sources */ = {isa = PBXBuildFile; fileRef = 88E719B0254599CD00C3DFA6 /* ImageFetcher.swift */; };
		88E7373F254728F4002A77DA /* EmojiArtDocumentTableViewController.swift in Sources */ = {isa = PBXBuildFile; fileRef = 88E7373E254728F4002A77DA /* EmojiArtDocumentTableViewController.swift */; };
/* End PBXBuildFile section */

/* Begin PBXFileReference section */
		88392DC1255C2ED200AC5E08 /* TextFieldCollectionViewCell.swift */ = {isa = PBXFileReference; lastKnownFileType = sourcecode.swift; path = TextFieldCollectionViewCell.swift; sourceTree = "<group>"; };
		884549322554577700D7308C /* EmojiArtView+Gestures.swift */ = {isa = PBXFileReference; lastKnownFileType = sourcecode.swift; path = "EmojiArtView+Gestures.swift"; sourceTree = "<group>"; };
		888489DC254461330007C9B2 /* EmojiArt.app */ = {isa = PBXFileReference; explicitFileType = wrapper.application; includeInIndex = 0; path = EmojiArt.app; sourceTree = BUILT_PRODUCTS_DIR; };
		888489DF254461330007C9B2 /* AppDelegate.swift */ = {isa = PBXFileReference; lastKnownFileType = sourcecode.swift; path = AppDelegate.swift; sourceTree = "<group>"; };
		888489E1254461330007C9B2 /* SceneDelegate.swift */ = {isa = PBXFileReference; lastKnownFileType = sourcecode.swift; path = SceneDelegate.swift; sourceTree = "<group>"; };
		888489E6254461330007C9B2 /* Base */ = {isa = PBXFileReference; lastKnownFileType = file.storyboard; name = Base; path = Base.lproj/Main.storyboard; sourceTree = "<group>"; };
		888489E8254461350007C9B2 /* Assets.xcassets */ = {isa = PBXFileReference; lastKnownFileType = folder.assetcatalog; path = Assets.xcassets; sourceTree = "<group>"; };
		888489EB254461350007C9B2 /* Base */ = {isa = PBXFileReference; lastKnownFileType = file.storyboard; name = Base; path = Base.lproj/LaunchScreen.storyboard; sourceTree = "<group>"; };
		888489ED254461350007C9B2 /* Info.plist */ = {isa = PBXFileReference; lastKnownFileType = text.plist.xml; path = Info.plist; sourceTree = "<group>"; };
		888489F7254463A70007C9B2 /* EmojiArtViewController.swift */ = {isa = PBXFileReference; lastKnownFileType = sourcecode.swift; path = EmojiArtViewController.swift; sourceTree = SOURCE_ROOT; };
		88B35584254B2B1B00DA9197 /* EmojiCollectionViewCell.swift */ = {isa = PBXFileReference; lastKnownFileType = sourcecode.swift; path = EmojiCollectionViewCell.swift; sourceTree = "<group>"; };
		88BF12C7255EFAD7000C441B /* EmojiArt.swift */ = {isa = PBXFileReference; lastKnownFileType = sourcecode.swift; path = EmojiArt.swift; sourceTree = "<group>"; };
		88E719AD25458A7700C3DFA6 /* EmojiArtView.swift */ = {isa = PBXFileReference; lastKnownFileType = sourcecode.swift; path = EmojiArtView.swift; sourceTree = "<group>"; };
		88E719B0254599CD00C3DFA6 /* ImageFetcher.swift */ = {isa = PBXFileReference; lastKnownFileType = sourcecode.swift; path = ImageFetcher.swift; sourceTree = "<group>"; };
		88E7373E254728F4002A77DA /* EmojiArtDocumentTableViewController.swift */ = {isa = PBXFileReference; lastKnownFileType = sourcecode.swift; path = EmojiArtDocumentTableViewController.swift; sourceTree = "<group>"; };
/* End PBXFileReference section */

/* Begin PBXFrameworksBuildPhase section */
		888489D9254461330007C9B2 /* Frameworks */ = {
			isa = PBXFrameworksBuildPhase;
			buildActionMask = 2147483647;
			files = (
			);
			runOnlyForDeploymentPostprocessing = 0;
		};
/* End PBXFrameworksBuildPhase section */

/* Begin PBXGroup section */
		888489D3254461330007C9B2 = {
			isa = PBXGroup;
			children = (
				888489DE254461330007C9B2 /* EmojiArt */,
				888489DD254461330007C9B2 /* Products */,
			);
			sourceTree = "<group>";
		};
		888489DD254461330007C9B2 /* Products */ = {
			isa = PBXGroup;
			children = (
				888489DC254461330007C9B2 /* EmojiArt.app */,
			);
			name = Products;
			sourceTree = "<group>";
		};
		888489DE254461330007C9B2 /* EmojiArt */ = {
			isa = PBXGroup;
			children = (
				888489F7254463A70007C9B2 /* EmojiArtViewController.swift */,
				88BF12C7255EFAD7000C441B /* EmojiArt.swift */,
				88B35584254B2B1B00DA9197 /* EmojiCollectionViewCell.swift */,
				88E719B0254599CD00C3DFA6 /* ImageFetcher.swift */,
				888489E5254461330007C9B2 /* Main.storyboard */,
				88392DC1255C2ED200AC5E08 /* TextFieldCollectionViewCell.swift */,
				88E7373E254728F4002A77DA /* EmojiArtDocumentTableViewController.swift */,
				88E719AD25458A7700C3DFA6 /* EmojiArtView.swift */,
				884549322554577700D7308C /* EmojiArtView+Gestures.swift */,
				888489F4254462490007C9B2 /* Supporting Files */,
				888489ED254461350007C9B2 /* Info.plist */,
			);
			path = EmojiArt;
			sourceTree = "<group>";
		};
		888489F4254462490007C9B2 /* Supporting Files */ = {
			isa = PBXGroup;
			children = (
				888489DF254461330007C9B2 /* AppDelegate.swift */,
				888489E1254461330007C9B2 /* SceneDelegate.swift */,
				888489E8254461350007C9B2 /* Assets.xcassets */,
				888489EA254461350007C9B2 /* LaunchScreen.storyboard */,
			);
			path = "Supporting Files";
			sourceTree = "<group>";
		};
/* End PBXGroup section */

/* Begin PBXNativeTarget section */
		888489DB254461330007C9B2 /* EmojiArt */ = {
			isa = PBXNativeTarget;
			buildConfigurationList = 888489F0254461350007C9B2 /* Build configuration list for PBXNativeTarget "EmojiArt" */;
			buildPhases = (
				888489D8254461330007C9B2 /* Sources */,
				888489D9254461330007C9B2 /* Frameworks */,
				888489DA254461330007C9B2 /* Resources */,
			);
			buildRules = (
			);
			dependencies = (
			);
			name = EmojiArt;
			productName = EmojiArt;
			productReference = 888489DC254461330007C9B2 /* EmojiArt.app */;
			productType = "com.apple.product-type.application";
		};
/* End PBXNativeTarget section */

/* Begin PBXProject section */
		888489D4254461330007C9B2 /* Project object */ = {
			isa = PBXProject;
			attributes = {
				LastSwiftUpdateCheck = 1200;
				LastUpgradeCheck = 1200;
				TargetAttributes = {
					888489DB254461330007C9B2 = {
						CreatedOnToolsVersion = 12.0.1;
					};
				};
			};
			buildConfigurationList = 888489D7254461330007C9B2 /* Build configuration list for PBXProject "EmojiArt" */;
			compatibilityVersion = "Xcode 9.3";
			developmentRegion = en;
			hasScannedForEncodings = 0;
			knownRegions = (
				en,
				Base,
			);
			mainGroup = 888489D3254461330007C9B2;
			productRefGroup = 888489DD254461330007C9B2 /* Products */;
			projectDirPath = "";
			projectRoot = "";
			targets = (
				888489DB254461330007C9B2 /* EmojiArt */,
			);
		};
/* End PBXProject section */

/* Begin PBXResourcesBuildPhase section */
		888489DA254461330007C9B2 /* Resources */ = {
			isa = PBXResourcesBuildPhase;
			buildActionMask = 2147483647;
			files = (
				888489EC254461350007C9B2 /* LaunchScreen.storyboard in Resources */,
				888489E9254461350007C9B2 /* Assets.xcassets in Resources */,
				888489E7254461330007C9B2 /* Main.storyboard in Resources */,
			);
			runOnlyForDeploymentPostprocessing = 0;
		};
/* End PBXResourcesBuildPhase section */

/* Begin PBXSourcesBuildPhase section */
		888489D8254461330007C9B2 /* Sources */ = {
			isa = PBXSourcesBuildPhase;
			buildActionMask = 2147483647;
			files = (
				88392DC2255C2ED200AC5E08 /* TextFieldCollectionViewCell.swift in Sources */,
				88B35585254B2B1B00DA9197 /* EmojiCollectionViewCell.swift in Sources */,
				88BF12C8255EFAD7000C441B /* EmojiArt.swift in Sources */,
				884549332554577700D7308C /* EmojiArtView+Gestures.swift in Sources */,
				888489E0254461330007C9B2 /* AppDelegate.swift in Sources */,
				88E7373F254728F4002A77DA /* EmojiArtDocumentTableViewController.swift in Sources */,
				888489F8254463A70007C9B2 /* EmojiArtViewController.swift in Sources */,
				888489E2254461330007C9B2 /* SceneDelegate.swift in Sources */,
				88E719AE25458A7700C3DFA6 /* EmojiArtView.swift in Sources */,
				88E719B1254599CD00C3DFA6 /* ImageFetcher.swift in Sources */,
			);
			runOnlyForDeploymentPostprocessing = 0;
		};
/* End PBXSourcesBuildPhase section */

/* Begin PBXVariantGroup section */
		888489E5254461330007C9B2 /* Main.storyboard */ = {
			isa = PBXVariantGroup;
			children = (
				888489E6254461330007C9B2 /* Base */,
			);
			name = Main.storyboard;
			sourceTree = "<group>";
		};
		888489EA254461350007C9B2 /* LaunchScreen.storyboard */ = {
			isa = PBXVariantGroup;
			children = (
				888489EB254461350007C9B2 /* Base */,
			);
			name = LaunchScreen.storyboard;
			sourceTree = "<group>";
		};
/* End PBXVariantGroup section */

/* Begin XCBuildConfiguration section */
		888489EE254461350007C9B2 /* Debug */ = {
			isa = XCBuildConfiguration;
			buildSettings = {
				ALWAYS_SEARCH_USER_PATHS = NO;
				CLANG_ANALYZER_NONNULL = YES;
				CLANG_ANALYZER_NUMBER_OBJECT_CONVERSION = YES_AGGRESSIVE;
				CLANG_CXX_LANGUAGE_STANDARD = "gnu++14";
				CLANG_CXX_LIBRARY = "libc++";
				CLANG_ENABLE_MODULES = YES;
				CLANG_ENABLE_OBJC_ARC = YES;
				CLANG_ENABLE_OBJC_WEAK = YES;
				CLANG_WARN_BLOCK_CAPTURE_AUTORELEASING = YES;
				CLANG_WARN_BOOL_CONVERSION = YES;
				CLANG_WARN_COMMA = YES;
				CLANG_WARN_CONSTANT_CONVERSION = YES;
				CLANG_WARN_DEPRECATED_OBJC_IMPLEMENTATIONS = YES;
				CLANG_WARN_DIRECT_OBJC_ISA_USAGE = YES_ERROR;
				CLANG_WARN_DOCUMENTATION_COMMENTS = YES;
				CLANG_WARN_EMPTY_BODY = YES;
				CLANG_WARN_ENUM_CONVERSION = YES;
				CLANG_WARN_INFINITE_RECURSION = YES;
				CLANG_WARN_INT_CONVERSION = YES;
				CLANG_WARN_NON_LITERAL_NULL_CONVERSION = YES;
				CLANG_WARN_OBJC_IMPLICIT_RETAIN_SELF = YES;
				CLANG_WARN_OBJC_LITERAL_CONVERSION = YES;
				CLANG_WARN_OBJC_ROOT_CLASS = YES_ERROR;
				CLANG_WARN_QUOTED_INCLUDE_IN_FRAMEWORK_HEADER = YES;
				CLANG_WARN_RANGE_LOOP_ANALYSIS = YES;
				CLANG_WARN_STRICT_PROTOTYPES = YES;
				CLANG_WARN_SUSPICIOUS_MOVE = YES;
				CLANG_WARN_UNGUARDED_AVAILABILITY = YES_AGGRESSIVE;
				CLANG_WARN_UNREACHABLE_CODE = YES;
				CLANG_WARN__DUPLICATE_METHOD_MATCH = YES;
				COPY_PHASE_STRIP = NO;
				DEBUG_INFORMATION_FORMAT = dwarf;
				ENABLE_STRICT_OBJC_MSGSEND = YES;
				ENABLE_TESTABILITY = YES;
				GCC_C_LANGUAGE_STANDARD = gnu11;
				GCC_DYNAMIC_NO_PIC = NO;
				GCC_NO_COMMON_BLOCKS = YES;
				GCC_OPTIMIZATION_LEVEL = 0;
				GCC_PREPROCESSOR_DEFINITIONS = (
					"DEBUG=1",
					"$(inherited)",
				);
				GCC_WARN_64_TO_32_BIT_CONVERSION = YES;
				GCC_WARN_ABOUT_RETURN_TYPE = YES_ERROR;
				GCC_WARN_UNDECLARED_SELECTOR = YES;
				GCC_WARN_UNINITIALIZED_AUTOS = YES_AGGRESSIVE;
				GCC_WARN_UNUSED_FUNCTION = YES;
				GCC_WARN_UNUSED_VARIABLE = YES;
				IPHONEOS_DEPLOYMENT_TARGET = 14.0;
				MTL_ENABLE_DEBUG_INFO = INCLUDE_SOURCE;
				MTL_FAST_MATH = YES;
				ONLY_ACTIVE_ARCH = YES;
				SDKROOT = iphoneos;
				SWIFT_ACTIVE_COMPILATION_CONDITIONS = DEBUG;
				SWIFT_OPTIMIZATION_LEVEL = "-Onone";
			};
			name = Debug;
		};
		888489EF254461350007C9B2 /* Release */ = {
			isa = XCBuildConfiguration;
			buildSettings = {
				ALWAYS_SEARCH_USER_PATHS = NO;
				CLANG_ANALYZER_NONNULL = YES;
				CLANG_ANALYZER_NUMBER_OBJECT_CONVERSION = YES_AGGRESSIVE;
				CLANG_CXX_LANGUAGE_STANDARD = "gnu++14";
				CLANG_CXX_LIBRARY = "libc++";
				CLANG_ENABLE_MODULES = YES;
				CLANG_ENABLE_OBJC_ARC = YES;
				CLANG_ENABLE_OBJC_WEAK = YES;
				CLANG_WARN_BLOCK_CAPTURE_AUTORELEASING = YES;
				CLANG_WARN_BOOL_CONVERSION = YES;
				CLANG_WARN_COMMA = YES;
				CLANG_WARN_CONSTANT_CONVERSION = YES;
				CLANG_WARN_DEPRECATED_OBJC_IMPLEMENTATIONS = YES;
				CLANG_WARN_DIRECT_OBJC_ISA_USAGE = YES_ERROR;
				CLANG_WARN_DOCUMENTATION_COMMENTS = YES;
				CLANG_WARN_EMPTY_BODY = YES;
				CLANG_WARN_ENUM_CONVERSION = YES;
				CLANG_WARN_INFINITE_RECURSION = YES;
				CLANG_WARN_INT_CONVERSION = YES;
				CLANG_WARN_NON_LITERAL_NULL_CONVERSION = YES;
				CLANG_WARN_OBJC_IMPLICIT_RETAIN_SELF = YES;
				CLANG_WARN_OBJC_LITERAL_CONVERSION = YES;
				CLANG_WARN_OBJC_ROOT_CLASS = YES_ERROR;
				CLANG_WARN_QUOTED_INCLUDE_IN_FRAMEWORK_HEADER = YES;
				CLANG_WARN_RANGE_LOOP_ANALYSIS = YES;
				CLANG_WARN_STRICT_PROTOTYPES = YES;
				CLANG_WARN_SUSPICIOUS_MOVE = YES;
				CLANG_WARN_UNGUARDED_AVAILABILITY = YES_AGGRESSIVE;
				CLANG_WARN_UNREACHABLE_CODE = YES;
				CLANG_WARN__DUPLICATE_METHOD_MATCH = YES;
				COPY_PHASE_STRIP = NO;
				DEBUG_INFORMATION_FORMAT = "dwarf-with-dsym";
				ENABLE_NS_ASSERTIONS = NO;
				ENABLE_STRICT_OBJC_MSGSEND = YES;
				GCC_C_LANGUAGE_STANDARD = gnu11;
				GCC_NO_COMMON_BLOCKS = YES;
				GCC_WARN_64_TO_32_BIT_CONVERSION = YES;
				GCC_WARN_ABOUT_RETURN_TYPE = YES_ERROR;
				GCC_WARN_UNDECLARED_SELECTOR = YES;
				GCC_WARN_UNINITIALIZED_AUTOS = YES_AGGRESSIVE;
				GCC_WARN_UNUSED_FUNCTION = YES;
				GCC_WARN_UNUSED_VARIABLE = YES;
				IPHONEOS_DEPLOYMENT_TARGET = 14.0;
				MTL_ENABLE_DEBUG_INFO = NO;
				MTL_FAST_MATH = YES;
				SDKROOT = iphoneos;
				SWIFT_COMPILATION_MODE = wholemodule;
				SWIFT_OPTIMIZATION_LEVEL = "-O";
				VALIDATE_PRODUCT = YES;
			};
			name = Release;
		};
		888489F1254461350007C9B2 /* Debug */ = {
			isa = XCBuildConfiguration;
			buildSettings = {
				ASSETCATALOG_COMPILER_APPICON_NAME = AppIcon;
				ASSETCATALOG_COMPILER_GLOBAL_ACCENT_COLOR_NAME = AccentColor;
				CODE_SIGN_STYLE = Automatic;
				DEVELOPMENT_TEAM = KZAWAF35XQ;
				INFOPLIST_FILE = EmojiArt/Info.plist;
				LD_RUNPATH_SEARCH_PATHS = (
					"$(inherited)",
					"@executable_path/Frameworks",
				);
				PRODUCT_BUNDLE_IDENTIFIER = zhussupali.EmojiArt;
				PRODUCT_NAME = "$(TARGET_NAME)";
				SWIFT_VERSION = 5.0;
				TARGETED_DEVICE_FAMILY = "1,2";
			};
			name = Debug;
		};
		888489F2254461350007C9B2 /* Release */ = {
			isa = XCBuildConfiguration;
			buildSettings = {
				ASSETCATALOG_COMPILER_APPICON_NAME = AppIcon;
				ASSETCATALOG_COMPILER_GLOBAL_ACCENT_COLOR_NAME = AccentColor;
				CODE_SIGN_STYLE = Automatic;
				DEVELOPMENT_TEAM = KZAWAF35XQ;
				INFOPLIST_FILE = EmojiArt/Info.plist;
				LD_RUNPATH_SEARCH_PATHS = (
					"$(inherited)",
					"@executable_path/Frameworks",
				);
				PRODUCT_BUNDLE_IDENTIFIER = zhussupali.EmojiArt;
				PRODUCT_NAME = "$(TARGET_NAME)";
				SWIFT_VERSION = 5.0;
				TARGETED_DEVICE_FAMILY = "1,2";
			};
			name = Release;
		};
/* End XCBuildConfiguration section */

/* Begin XCConfigurationList section */
		888489D7254461330007C9B2 /* Build configuration list for PBXProject "EmojiArt" */ = {
			isa = XCConfigurationList;
			buildConfigurations = (
				888489EE254461350007C9B2 /* Debug */,
				888489EF254461350007C9B2 /* Release */,
			);
			defaultConfigurationIsVisible = 0;
			defaultConfigurationName = Release;
		};
		888489F0254461350007C9B2 /* Build configuration list for PBXNativeTarget "EmojiArt" */ = {
			isa = XCConfigurationList;
			buildConfigurations = (
				888489F1254461350007C9B2 /* Debug */,
				888489F2254461350007C9B2 /* Release */,
			);
			defaultConfigurationIsVisible = 0;
			defaultConfigurationName = Release;
		};
/* End XCConfigurationList section */
	};
	rootObject = 888489D4254461330007C9B2 /* Project object */;
}
